
Microsoft Visual Studio Solution File, Format Version 12.00
# Visual Studio Version 17
VisualStudioVersion = 17.9.34616.47
MinimumVisualStudioVersion = 10.0.40219.1
Project("{FAE04EC0-301F-11D3-BF4B-00C04F79EFBC}") = "pdf", "pdf\pdf.csproj", "{4558BBD6-F96E-4F2D-80B7-9CC1ED692AE2}"
EndProject
Global
	GlobalSection(SolutionConfigurationPlatforms) = preSolution
		Debug|Any CPU = Debug|Any CPU
		Release|Any CPU = Release|Any CPU
	EndGlobalSection
	GlobalSection(ProjectConfigurationPlatforms) = postSolution
		{4558BBD6-F96E-4F2D-80B7-9CC1ED692AE2}.Debug|Any CPU.ActiveCfg = Debug|Any CPU
		{4558BBD6-F96E-4F2D-80B7-9CC1ED692AE2}.Debug|Any CPU.Build.0 = Debug|Any CPU
		{4558BBD6-F96E-4F2D-80B7-9CC1ED692AE2}.Release|Any CPU.ActiveCfg = Release|Any CPU
		{4558BBD6-F96E-4F2D-80B7-9CC1ED692AE2}.Release|Any CPU.Build.0 = Release|Any CPU
	EndGlobalSection
	GlobalSection(SolutionProperties) = preSolution
		HideSolutionNode = FALSE
	EndGlobalSection
	GlobalSection(ExtensibilityGlobals) = postSolution
		SolutionGuid = {DC0A8FD2-0053-43EA-BE45-A5A7E300E50F}
	EndGlobalSection
EndGlobal
